
Microsoft Visual Studio Solution File, Format Version 12.00
# Visual Studio 15
VisualStudioVersion = 15.0.28307.572
MinimumVisualStudioVersion = 10.0.40219.1
Project("{FAE04EC0-301F-11D3-BF4B-00C04F79EFBC}") = "ET.RPA.Studio", "ET.RPA.Studio\ET.RPA.Studio.csproj", "{5123CC87-E2CC-4913-9D74-5F97D5D0148C}"
EndProject
Global
	GlobalSection(SolutionConfigurationPlatforms) = preSolution
		Debug|Any CPU = Debug|Any CPU
		Release|Any CPU = Release|Any CPU
	EndGlobalSection
	GlobalSection(ProjectConfigurationPlatforms) = postSolution
		{5123CC87-E2CC-4913-9D74-5F97D5D0148C}.Debug|Any CPU.ActiveCfg = Debug|Any CPU
		{5123CC87-E2CC-4913-9D74-5F97D5D0148C}.Debug|Any CPU.Build.0 = Debug|Any CPU
		{5123CC87-E2CC-4913-9D74-5F97D5D0148C}.Release|Any CPU.ActiveCfg = Release|Any CPU
		{5123CC87-E2CC-4913-9D74-5F97D5D0148C}.Release|Any CPU.Build.0 = Release|Any CPU
	EndGlobalSection
	GlobalSection(SolutionProperties) = preSolution
		HideSolutionNode = FALSE
	EndGlobalSection
	GlobalSection(ExtensibilityGlobals) = postSolution
		SolutionGuid = {4409687A-9479-4AF5-8268-4DF7BA1867AD}
	EndGlobalSection
EndGlobal
